
Microsoft Visual Studio Solution File, Format Version 12.00
# Visual Studio Version 17
VisualStudioVersion = 17.4.33205.214
MinimumVisualStudioVersion = 10.0.40219.1
Project("{FAE04EC0-301F-11D3-BF4B-00C04F79EFBC}") = "NZWalks.API", "NZWalks.API\NZWalks.API.csproj", "{4C0B86BD-2092-41A9-9FA2-0EEA65222DA5}"
EndProject
Global
	GlobalSection(SolutionConfigurationPlatforms) = preSolution
		Debug|Any CPU = Debug|Any CPU
		Release|Any CPU = Release|Any CPU
	EndGlobalSection
	GlobalSection(ProjectConfigurationPlatforms) = postSolution
		{4C0B86BD-2092-41A9-9FA2-0EEA65222DA5}.Debug|Any CPU.ActiveCfg = Debug|Any CPU
		{4C0B86BD-2092-41A9-9FA2-0EEA65222DA5}.Debug|Any CPU.Build.0 = Debug|Any CPU
		{4C0B86BD-2092-41A9-9FA2-0EEA65222DA5}.Release|Any CPU.ActiveCfg = Release|Any CPU
		{4C0B86BD-2092-41A9-9FA2-0EEA65222DA5}.Release|Any CPU.Build.0 = Release|Any CPU
	EndGlobalSection
	GlobalSection(SolutionProperties) = preSolution
		HideSolutionNode = FALSE
	EndGlobalSection
	GlobalSection(ExtensibilityGlobals) = postSolution
		SolutionGuid = {C3628DB2-C77A-4303-B9D5-B64FD97BF82A}
	EndGlobalSection
EndGlobal
